
Microsoft Visual Studio Solution File, Format Version 12.00
# Visual Studio Version 17
VisualStudioVersion = 17.3.32922.545
MinimumVisualStudioVersion = 10.0.40219.1
Project("{FAE04EC0-301F-11D3-BF4B-00C04F79EFBC}") = "KompasRingPlugin", "KompasRingPlugin.csproj", "{AB8A27C5-1A0D-46EC-8914-F82D173655AA}"
EndProject
Project("{FAE04EC0-301F-11D3-BF4B-00C04F79EFBC}") = "KompasRingPlugin.Model", "..\KompasRingPlugin.Model\KompasRingPlugin.Model.csproj", "{26B18379-75BF-4DD9-8C68-1922A294C19A}"
EndProject
Global
	GlobalSection(SolutionConfigurationPlatforms) = preSolution
		Debug|Any CPU = Debug|Any CPU
		Release|Any CPU = Release|Any CPU
	EndGlobalSection
	GlobalSection(ProjectConfigurationPlatforms) = postSolution
		{AB8A27C5-1A0D-46EC-8914-F82D173655AA}.Debug|Any CPU.ActiveCfg = Debug|Any CPU
		{AB8A27C5-1A0D-46EC-8914-F82D173655AA}.Debug|Any CPU.Build.0 = Debug|Any CPU
		{AB8A27C5-1A0D-46EC-8914-F82D173655AA}.Release|Any CPU.ActiveCfg = Release|Any CPU
		{AB8A27C5-1A0D-46EC-8914-F82D173655AA}.Release|Any CPU.Build.0 = Release|Any CPU
		{26B18379-75BF-4DD9-8C68-1922A294C19A}.Debug|Any CPU.ActiveCfg = Debug|Any CPU
		{26B18379-75BF-4DD9-8C68-1922A294C19A}.Debug|Any CPU.Build.0 = Debug|Any CPU
		{26B18379-75BF-4DD9-8C68-1922A294C19A}.Release|Any CPU.ActiveCfg = Release|Any CPU
		{26B18379-75BF-4DD9-8C68-1922A294C19A}.Release|Any CPU.Build.0 = Release|Any CPU
	EndGlobalSection
	GlobalSection(SolutionProperties) = preSolution
		HideSolutionNode = FALSE
	EndGlobalSection
	GlobalSection(ExtensibilityGlobals) = postSolution
		SolutionGuid = {F918D017-2015-479F-83DF-A642F5EAA9FD}
	EndGlobalSection
EndGlobal
